
Microsoft Visual Studio Solution File, Format Version 11.00
# Visual Studio 2010
Project("{FAE04EC0-301F-11D3-BF4B-00C04F79EFBC}") = "Fundamentals2D", "Assembly-CSharp.csproj", "{EC07B207-1F4D-AD5D-B992-E84FAF804D4D}"
EndProject
Global
	GlobalSection(SolutionConfigurationPlatforms) = preSolution
		Debug|Any CPU = Debug|Any CPU
		Release|Any CPU = Release|Any CPU
	EndGlobalSection
	GlobalSection(ProjectConfigurationPlatforms) = postSolution
		{EC07B207-1F4D-AD5D-B992-E84FAF804D4D}.Debug|Any CPU.ActiveCfg = Debug|Any CPU
		{EC07B207-1F4D-AD5D-B992-E84FAF804D4D}.Debug|Any CPU.Build.0 = Debug|Any CPU
		{EC07B207-1F4D-AD5D-B992-E84FAF804D4D}.Release|Any CPU.ActiveCfg = Release|Any CPU
		{EC07B207-1F4D-AD5D-B992-E84FAF804D4D}.Release|Any CPU.Build.0 = Release|Any CPU
	EndGlobalSection
	GlobalSection(SolutionProperties) = preSolution
		HideSolutionNode = FALSE
	EndGlobalSection
	GlobalSection(MonoDevelopProperties) = preSolution
		StartupItem = Assembly-CSharp.csproj
	EndGlobalSection
EndGlobal
